
Microsoft Visual Studio Solution File, Format Version 12.00
# Visual Studio Version 17
VisualStudioVersion = 17.5.33502.453
MinimumVisualStudioVersion = 10.0.40219.1
Project("{FAE04EC0-301F-11D3-BF4B-00C04F79EFBC}") = "ToDoList", "ToDoList\ToDoList.csproj", "{7D8E7280-DD81-453F-B6F4-4069CA70B897}"
EndProject
Global
	GlobalSection(SolutionConfigurationPlatforms) = preSolution
		Debug|Any CPU = Debug|Any CPU
		Release|Any CPU = Release|Any CPU
	EndGlobalSection
	GlobalSection(ProjectConfigurationPlatforms) = postSolution
		{7D8E7280-DD81-453F-B6F4-4069CA70B897}.Debug|Any CPU.ActiveCfg = Debug|Any CPU
		{7D8E7280-DD81-453F-B6F4-4069CA70B897}.Debug|Any CPU.Build.0 = Debug|Any CPU
		{7D8E7280-DD81-453F-B6F4-4069CA70B897}.Release|Any CPU.ActiveCfg = Release|Any CPU
		{7D8E7280-DD81-453F-B6F4-4069CA70B897}.Release|Any CPU.Build.0 = Release|Any CPU
	EndGlobalSection
	GlobalSection(SolutionProperties) = preSolution
		HideSolutionNode = FALSE
	EndGlobalSection
	GlobalSection(ExtensibilityGlobals) = postSolution
		SolutionGuid = {3DC049A6-7C31-401A-9967-D6B287CB6A17}
	EndGlobalSection
EndGlobal
